
Microsoft Visual Studio Solution File, Format Version 12.00
Project("{FAE04EC0-301F-11D3-BF4B-00C04F79EFBC}") = "CarRent", "CarRent\CarRent.csproj", "{C7EF3916-DB39-474B-9634-50CF76B61807}"
EndProject
Project("{FAE04EC0-301F-11D3-BF4B-00C04F79EFBC}") = "CarRent.Core", "CarRent.Core\CarRent.Core.csproj", "{7613E5C5-0E58-4408-9A8F-F0608C4BEFBE}"
EndProject
Project("{FAE04EC0-301F-11D3-BF4B-00C04F79EFBC}") = "CarRent.Data", "CarRent.Data\CarRent.Data.csproj", "{24C9F63D-0EA8-41F7-AC0B-A2841E5EA9C4}"
EndProject
Project("{FAE04EC0-301F-11D3-BF4B-00C04F79EFBC}") = "CarRent.Service", "CarRent.Service\CarRent.Service.csproj", "{808DED57-194F-4FFF-A910-B3EFA149C53E}"
EndProject
Global
	GlobalSection(SolutionConfigurationPlatforms) = preSolution
		Debug|Any CPU = Debug|Any CPU
		Release|Any CPU = Release|Any CPU
	EndGlobalSection
	GlobalSection(ProjectConfigurationPlatforms) = postSolution
		{C7EF3916-DB39-474B-9634-50CF76B61807}.Debug|Any CPU.ActiveCfg = Debug|Any CPU
		{C7EF3916-DB39-474B-9634-50CF76B61807}.Debug|Any CPU.Build.0 = Debug|Any CPU
		{C7EF3916-DB39-474B-9634-50CF76B61807}.Release|Any CPU.ActiveCfg = Release|Any CPU
		{C7EF3916-DB39-474B-9634-50CF76B61807}.Release|Any CPU.Build.0 = Release|Any CPU
		{7613E5C5-0E58-4408-9A8F-F0608C4BEFBE}.Debug|Any CPU.ActiveCfg = Debug|Any CPU
		{7613E5C5-0E58-4408-9A8F-F0608C4BEFBE}.Debug|Any CPU.Build.0 = Debug|Any CPU
		{7613E5C5-0E58-4408-9A8F-F0608C4BEFBE}.Release|Any CPU.ActiveCfg = Release|Any CPU
		{7613E5C5-0E58-4408-9A8F-F0608C4BEFBE}.Release|Any CPU.Build.0 = Release|Any CPU
		{24C9F63D-0EA8-41F7-AC0B-A2841E5EA9C4}.Debug|Any CPU.ActiveCfg = Debug|Any CPU
		{24C9F63D-0EA8-41F7-AC0B-A2841E5EA9C4}.Debug|Any CPU.Build.0 = Debug|Any CPU
		{24C9F63D-0EA8-41F7-AC0B-A2841E5EA9C4}.Release|Any CPU.ActiveCfg = Release|Any CPU
		{24C9F63D-0EA8-41F7-AC0B-A2841E5EA9C4}.Release|Any CPU.Build.0 = Release|Any CPU
		{808DED57-194F-4FFF-A910-B3EFA149C53E}.Debug|Any CPU.ActiveCfg = Debug|Any CPU
		{808DED57-194F-4FFF-A910-B3EFA149C53E}.Debug|Any CPU.Build.0 = Debug|Any CPU
		{808DED57-194F-4FFF-A910-B3EFA149C53E}.Release|Any CPU.ActiveCfg = Release|Any CPU
		{808DED57-194F-4FFF-A910-B3EFA149C53E}.Release|Any CPU.Build.0 = Release|Any CPU
	EndGlobalSection
EndGlobal
