
Microsoft Visual Studio Solution File, Format Version 12.00
# Visual Studio Version 17
VisualStudioVersion = 17.10.35122.118
MinimumVisualStudioVersion = 10.0.40219.1
Project("{FAE04EC0-301F-11D3-BF4B-00C04F79EFBC}") = "AnonymousFunctions", "AnonymousFunctions\AnonymousFunctions.csproj", "{66C0878B-8057-40BF-8076-85689BE32BAB}"
EndProject
Global
	GlobalSection(SolutionConfigurationPlatforms) = preSolution
		Debug|Any CPU = Debug|Any CPU
		Release|Any CPU = Release|Any CPU
	EndGlobalSection
	GlobalSection(ProjectConfigurationPlatforms) = postSolution
		{66C0878B-8057-40BF-8076-85689BE32BAB}.Debug|Any CPU.ActiveCfg = Debug|Any CPU
		{66C0878B-8057-40BF-8076-85689BE32BAB}.Debug|Any CPU.Build.0 = Debug|Any CPU
		{66C0878B-8057-40BF-8076-85689BE32BAB}.Release|Any CPU.ActiveCfg = Release|Any CPU
		{66C0878B-8057-40BF-8076-85689BE32BAB}.Release|Any CPU.Build.0 = Release|Any CPU
	EndGlobalSection
	GlobalSection(SolutionProperties) = preSolution
		HideSolutionNode = FALSE
	EndGlobalSection
	GlobalSection(ExtensibilityGlobals) = postSolution
		SolutionGuid = {82F6528B-9815-4134-A3AE-4CFC91349EDD}
	EndGlobalSection
EndGlobal
