
Microsoft Visual Studio Solution File, Format Version 12.00
# Visual Studio Version 17
VisualStudioVersion = 17.10.35027.167
MinimumVisualStudioVersion = 10.0.40219.1
Project("{FAE04EC0-301F-11D3-BF4B-00C04F79EFBC}") = "Delegates", "Delegates\Delegates.csproj", "{67665C95-94F8-4108-9029-0A377C792BB4}"
EndProject
Global
	GlobalSection(SolutionConfigurationPlatforms) = preSolution
		Debug|Any CPU = Debug|Any CPU
		Release|Any CPU = Release|Any CPU
	EndGlobalSection
	GlobalSection(ProjectConfigurationPlatforms) = postSolution
		{67665C95-94F8-4108-9029-0A377C792BB4}.Debug|Any CPU.ActiveCfg = Debug|Any CPU
		{67665C95-94F8-4108-9029-0A377C792BB4}.Debug|Any CPU.Build.0 = Debug|Any CPU
		{67665C95-94F8-4108-9029-0A377C792BB4}.Release|Any CPU.ActiveCfg = Release|Any CPU
		{67665C95-94F8-4108-9029-0A377C792BB4}.Release|Any CPU.Build.0 = Release|Any CPU
	EndGlobalSection
	GlobalSection(SolutionProperties) = preSolution
		HideSolutionNode = FALSE
	EndGlobalSection
	GlobalSection(ExtensibilityGlobals) = postSolution
		SolutionGuid = {3C077488-13E8-4E02-AA05-7834F9EB96E1}
	EndGlobalSection
EndGlobal
